
Microsoft Visual Studio Solution File, Format Version 12.00
# Visual Studio Version 17
VisualStudioVersion = 17.0.31903.59
MinimumVisualStudioVersion = 10.0.40219.1
Project("{2150E333-8FDC-42A3-9474-1A3956D46DE8}") = "contracts", "contracts", "{A73F2606-6D4C-3EEE-1759-0E59DCFEF523}"
EndProject
Project("{FAE04EC0-301F-11D3-BF4B-00C04F79EFBC}") = "ForgeFlow.Contracts", "contracts\ForgeFlow.Contracts\ForgeFlow.Contracts.csproj", "{52A2DA7A-D503-4272-A2A9-5B2298C399B2}"
EndProject
Project("{2150E333-8FDC-42A3-9474-1A3956D46DE8}") = "services", "services", "{5854FF58-B8C5-05C6-5BF2-ACE42193F22B}"
EndProject
Project("{2150E333-8FDC-42A3-9474-1A3956D46DE8}") = "gateway", "gateway", "{96888889-FC81-1FD9-7DA3-65FF32B7E052}"
EndProject
Project("{FAE04EC0-301F-11D3-BF4B-00C04F79EFBC}") = "ForgeFlow.Gateway", "services\gateway\ForgeFlow.Gateway\ForgeFlow.Gateway.csproj", "{56CA3592-86C1-459F-8A70-F1CEF783168E}"
EndProject
Project("{2150E333-8FDC-42A3-9474-1A3956D46DE8}") = "identity", "identity", "{357A7C97-5AE1-023F-1442-0D9F9AF22A31}"
EndProject
Project("{FAE04EC0-301F-11D3-BF4B-00C04F79EFBC}") = "ForgeFlow.Identity.Api", "services\identity\ForgeFlow.Identity.Api\ForgeFlow.Identity.Api.csproj", "{4B36DD7B-ACA5-4936-B730-159DBEB7B1E9}"
EndProject
Project("{2150E333-8FDC-42A3-9474-1A3956D46DE8}") = "work", "work", "{CAC493B8-BAA0-2F36-526D-DF7B4A67ADA8}"
EndProject
Project("{FAE04EC0-301F-11D3-BF4B-00C04F79EFBC}") = "ForgeFlow.Work.Api", "services\work\ForgeFlow.Work.Api\ForgeFlow.Work.Api.csproj", "{54DF8C77-DFC0-43E9-9F6D-91896BCBC1D3}"
EndProject
Project("{2150E333-8FDC-42A3-9474-1A3956D46DE8}") = "artifact", "artifact", "{3D527CA2-3B25-14A5-66AD-5B1AC639CE35}"
EndProject
Project("{FAE04EC0-301F-11D3-BF4B-00C04F79EFBC}") = "ForgeFlow.Artifact.Api", "services\artifact\ForgeFlow.Artifact.Api\ForgeFlow.Artifact.Api.csproj", "{09598B76-D9CE-42C4-96C6-F1ADF0545291}"
EndProject
Project("{2150E333-8FDC-42A3-9474-1A3956D46DE8}") = "ai-orchestrator", "ai-orchestrator", "{D16E9C91-19C0-6DE5-6DF8-67E1A85CE158}"
EndProject
Project("{FAE04EC0-301F-11D3-BF4B-00C04F79EFBC}") = "ForgeFlow.AiOrchestrator.Worker", "services\ai-orchestrator\ForgeFlow.AiOrchestrator.Worker\ForgeFlow.AiOrchestrator.Worker.csproj", "{9AABFF3C-5AF7-4F2D-9F84-131D9A7E0E0A}"
EndProject
Project("{FAE04EC0-301F-11D3-BF4B-00C04F79EFBC}") = "ForgeFlow.Artifact.Application", "services\artifact\ForgeFlow.Artifact.Application\ForgeFlow.Artifact.Application.csproj", "{F15F2E28-6F68-4029-AB4A-BD119D929AE9}"
EndProject
Project("{FAE04EC0-301F-11D3-BF4B-00C04F79EFBC}") = "ForgeFlow.Artifact.Domain", "services\artifact\ForgeFlow.Artifact.Domain\ForgeFlow.Artifact.Domain.csproj", "{AA562DCD-F58F-4241-B407-754C65905322}"
EndProject
Project("{FAE04EC0-301F-11D3-BF4B-00C04F79EFBC}") = "ForgeFlow.Artifact.Infrastructure", "services\artifact\ForgeFlow.Artifact.Infrastructure\ForgeFlow.Artifact.Infrastructure.csproj", "{B0DE9B25-1188-4011-AD0D-36E2A7ED210C}"
EndProject
Project("{FAE04EC0-301F-11D3-BF4B-00C04F79EFBC}") = "ForgeFlow.Work.Domain", "services\work\ForgeFlow.Work.Domain\ForgeFlow.Work.Domain.csproj", "{AF1D7575-EABD-4D7A-8AD1-09ACFF4AF533}"
EndProject
Project("{FAE04EC0-301F-11D3-BF4B-00C04F79EFBC}") = "ForgeFlow.Work.Application", "services\work\ForgeFlow.Work.Application\ForgeFlow.Work.Application.csproj", "{0ED0BFC3-6A9C-4FCA-AA8A-20CC92359CB4}"
EndProject
Project("{FAE04EC0-301F-11D3-BF4B-00C04F79EFBC}") = "ForgeFlow.Work.Infrastructure", "services\work\ForgeFlow.Work.Infrastructure\ForgeFlow.Work.Infrastructure.csproj", "{446ADCA1-C26F-4A0A-A036-CF57827504DB}"
EndProject
Project("{FAE04EC0-301F-11D3-BF4B-00C04F79EFBC}") = "ForgeFlow.AiOrchestrator.Domain", "services\ai-orchestrator\ForgeFlow.AiOrchestrator.Domain\ForgeFlow.AiOrchestrator.Domain.csproj", "{C77F91E2-3F68-42A4-A6E4-C415EE3A94B0}"
EndProject
Project("{FAE04EC0-301F-11D3-BF4B-00C04F79EFBC}") = "ForgeFlow.AiOrchestrator.Application", "services\ai-orchestrator\ForgeFlow.AiOrchestrator.Application\ForgeFlow.AiOrchestrator.Application.csproj", "{DB89A111-D071-494B-848B-6921E8EC9CC5}"
EndProject
Project("{FAE04EC0-301F-11D3-BF4B-00C04F79EFBC}") = "ForgeFlow.AiOrchestrator.Infrastructure", "services\ai-orchestrator\ForgeFlow.AiOrchestrator.Infrastructure\ForgeFlow.AiOrchestrator.Infrastructure.csproj", "{05FC939F-1393-47BE-94B7-8FE27228BCA6}"
EndProject
Global
	GlobalSection(SolutionConfigurationPlatforms) = preSolution
		Debug|Any CPU = Debug|Any CPU
		Debug|x64 = Debug|x64
		Debug|x86 = Debug|x86
		Release|Any CPU = Release|Any CPU
		Release|x64 = Release|x64
		Release|x86 = Release|x86
	EndGlobalSection
	GlobalSection(ProjectConfigurationPlatforms) = postSolution
		{52A2DA7A-D503-4272-A2A9-5B2298C399B2}.Debug|Any CPU.ActiveCfg = Debug|Any CPU
		{52A2DA7A-D503-4272-A2A9-5B2298C399B2}.Debug|Any CPU.Build.0 = Debug|Any CPU
		{52A2DA7A-D503-4272-A2A9-5B2298C399B2}.Debug|x64.ActiveCfg = Debug|Any CPU
		{52A2DA7A-D503-4272-A2A9-5B2298C399B2}.Debug|x64.Build.0 = Debug|Any CPU
		{52A2DA7A-D503-4272-A2A9-5B2298C399B2}.Debug|x86.ActiveCfg = Debug|Any CPU
		{52A2DA7A-D503-4272-A2A9-5B2298C399B2}.Debug|x86.Build.0 = Debug|Any CPU
		{52A2DA7A-D503-4272-A2A9-5B2298C399B2}.Release|Any CPU.ActiveCfg = Release|Any CPU
		{52A2DA7A-D503-4272-A2A9-5B2298C399B2}.Release|Any CPU.Build.0 = Release|Any CPU
		{52A2DA7A-D503-4272-A2A9-5B2298C399B2}.Release|x64.ActiveCfg = Release|Any CPU
		{52A2DA7A-D503-4272-A2A9-5B2298C399B2}.Release|x64.Build.0 = Release|Any CPU
		{52A2DA7A-D503-4272-A2A9-5B2298C399B2}.Release|x86.ActiveCfg = Release|Any CPU
		{52A2DA7A-D503-4272-A2A9-5B2298C399B2}.Release|x86.Build.0 = Release|Any CPU
		{56CA3592-86C1-459F-8A70-F1CEF783168E}.Debug|Any CPU.ActiveCfg = Debug|Any CPU
		{56CA3592-86C1-459F-8A70-F1CEF783168E}.Debug|Any CPU.Build.0 = Debug|Any CPU
		{56CA3592-86C1-459F-8A70-F1CEF783168E}.Debug|x64.ActiveCfg = Debug|Any CPU
		{56CA3592-86C1-459F-8A70-F1CEF783168E}.Debug|x64.Build.0 = Debug|Any CPU
		{56CA3592-86C1-459F-8A70-F1CEF783168E}.Debug|x86.ActiveCfg = Debug|Any CPU
		{56CA3592-86C1-459F-8A70-F1CEF783168E}.Debug|x86.Build.0 = Debug|Any CPU
		{56CA3592-86C1-459F-8A70-F1CEF783168E}.Release|Any CPU.ActiveCfg = Release|Any CPU
		{56CA3592-86C1-459F-8A70-F1CEF783168E}.Release|Any CPU.Build.0 = Release|Any CPU
		{56CA3592-86C1-459F-8A70-F1CEF783168E}.Release|x64.ActiveCfg = Release|Any CPU
		{56CA3592-86C1-459F-8A70-F1CEF783168E}.Release|x64.Build.0 = Release|Any CPU
		{56CA3592-86C1-459F-8A70-F1CEF783168E}.Release|x86.ActiveCfg = Release|Any CPU
		{56CA3592-86C1-459F-8A70-F1CEF783168E}.Release|x86.Build.0 = Release|Any CPU
		{4B36DD7B-ACA5-4936-B730-159DBEB7B1E9}.Debug|Any CPU.ActiveCfg = Debug|Any CPU
		{4B36DD7B-ACA5-4936-B730-159DBEB7B1E9}.Debug|Any CPU.Build.0 = Debug|Any CPU
		{4B36DD7B-ACA5-4936-B730-159DBEB7B1E9}.Debug|x64.ActiveCfg = Debug|Any CPU
		{4B36DD7B-ACA5-4936-B730-159DBEB7B1E9}.Debug|x64.Build.0 = Debug|Any CPU
		{4B36DD7B-ACA5-4936-B730-159DBEB7B1E9}.Debug|x86.ActiveCfg = Debug|Any CPU
		{4B36DD7B-ACA5-4936-B730-159DBEB7B1E9}.Debug|x86.Build.0 = Debug|Any CPU
		{4B36DD7B-ACA5-4936-B730-159DBEB7B1E9}.Release|Any CPU.ActiveCfg = Release|Any CPU
		{4B36DD7B-ACA5-4936-B730-159DBEB7B1E9}.Release|Any CPU.Build.0 = Release|Any CPU
		{4B36DD7B-ACA5-4936-B730-159DBEB7B1E9}.Release|x64.ActiveCfg = Release|Any CPU
		{4B36DD7B-ACA5-4936-B730-159DBEB7B1E9}.Release|x64.Build.0 = Release|Any CPU
		{4B36DD7B-ACA5-4936-B730-159DBEB7B1E9}.Release|x86.ActiveCfg = Release|Any CPU
		{4B36DD7B-ACA5-4936-B730-159DBEB7B1E9}.Release|x86.Build.0 = Release|Any CPU
		{54DF8C77-DFC0-43E9-9F6D-91896BCBC1D3}.Debug|Any CPU.ActiveCfg = Debug|Any CPU
		{54DF8C77-DFC0-43E9-9F6D-91896BCBC1D3}.Debug|Any CPU.Build.0 = Debug|Any CPU
		{54DF8C77-DFC0-43E9-9F6D-91896BCBC1D3}.Debug|x64.ActiveCfg = Debug|Any CPU
		{54DF8C77-DFC0-43E9-9F6D-91896BCBC1D3}.Debug|x64.Build.0 = Debug|Any CPU
		{54DF8C77-DFC0-43E9-9F6D-91896BCBC1D3}.Debug|x86.ActiveCfg = Debug|Any CPU
		{54DF8C77-DFC0-43E9-9F6D-91896BCBC1D3}.Debug|x86.Build.0 = Debug|Any CPU
		{54DF8C77-DFC0-43E9-9F6D-91896BCBC1D3}.Release|Any CPU.ActiveCfg = Release|Any CPU
		{54DF8C77-DFC0-43E9-9F6D-91896BCBC1D3}.Release|Any CPU.Build.0 = Release|Any CPU
		{54DF8C77-DFC0-43E9-9F6D-91896BCBC1D3}.Release|x64.ActiveCfg = Release|Any CPU
		{54DF8C77-DFC0-43E9-9F6D-91896BCBC1D3}.Release|x64.Build.0 = Release|Any CPU
		{54DF8C77-DFC0-43E9-9F6D-91896BCBC1D3}.Release|x86.ActiveCfg = Release|Any CPU
		{54DF8C77-DFC0-43E9-9F6D-91896BCBC1D3}.Release|x86.Build.0 = Release|Any CPU
		{09598B76-D9CE-42C4-96C6-F1ADF0545291}.Debug|Any CPU.ActiveCfg = Debug|Any CPU
		{09598B76-D9CE-42C4-96C6-F1ADF0545291}.Debug|Any CPU.Build.0 = Debug|Any CPU
		{09598B76-D9CE-42C4-96C6-F1ADF0545291}.Debug|x64.ActiveCfg = Debug|Any CPU
		{09598B76-D9CE-42C4-96C6-F1ADF0545291}.Debug|x64.Build.0 = Debug|Any CPU
		{09598B76-D9CE-42C4-96C6-F1ADF0545291}.Debug|x86.ActiveCfg = Debug|Any CPU
		{09598B76-D9CE-42C4-96C6-F1ADF0545291}.Debug|x86.Build.0 = Debug|Any CPU
		{09598B76-D9CE-42C4-96C6-F1ADF0545291}.Release|Any CPU.ActiveCfg = Release|Any CPU
		{09598B76-D9CE-42C4-96C6-F1ADF0545291}.Release|Any CPU.Build.0 = Release|Any CPU
		{09598B76-D9CE-42C4-96C6-F1ADF0545291}.Release|x64.ActiveCfg = Release|Any CPU
		{09598B76-D9CE-42C4-96C6-F1ADF0545291}.Release|x64.Build.0 = Release|Any CPU
		{09598B76-D9CE-42C4-96C6-F1ADF0545291}.Release|x86.ActiveCfg = Release|Any CPU
		{09598B76-D9CE-42C4-96C6-F1ADF0545291}.Release|x86.Build.0 = Release|Any CPU
		{9AABFF3C-5AF7-4F2D-9F84-131D9A7E0E0A}.Debug|Any CPU.ActiveCfg = Debug|Any CPU
		{9AABFF3C-5AF7-4F2D-9F84-131D9A7E0E0A}.Debug|Any CPU.Build.0 = Debug|Any CPU
		{9AABFF3C-5AF7-4F2D-9F84-131D9A7E0E0A}.Debug|x64.ActiveCfg = Debug|Any CPU
		{9AABFF3C-5AF7-4F2D-9F84-131D9A7E0E0A}.Debug|x64.Build.0 = Debug|Any CPU
		{9AABFF3C-5AF7-4F2D-9F84-131D9A7E0E0A}.Debug|x86.ActiveCfg = Debug|Any CPU
		{9AABFF3C-5AF7-4F2D-9F84-131D9A7E0E0A}.Debug|x86.Build.0 = Debug|Any CPU
		{9AABFF3C-5AF7-4F2D-9F84-131D9A7E0E0A}.Release|Any CPU.ActiveCfg = Release|Any CPU
		{9AABFF3C-5AF7-4F2D-9F84-131D9A7E0E0A}.Release|Any CPU.Build.0 = Release|Any CPU
		{9AABFF3C-5AF7-4F2D-9F84-131D9A7E0E0A}.Release|x64.ActiveCfg = Release|Any CPU
		{9AABFF3C-5AF7-4F2D-9F84-131D9A7E0E0A}.Release|x64.Build.0 = Release|Any CPU
		{9AABFF3C-5AF7-4F2D-9F84-131D9A7E0E0A}.Release|x86.ActiveCfg = Release|Any CPU
		{9AABFF3C-5AF7-4F2D-9F84-131D9A7E0E0A}.Release|x86.Build.0 = Release|Any CPU
		{F15F2E28-6F68-4029-AB4A-BD119D929AE9}.Debug|Any CPU.ActiveCfg = Debug|Any CPU
		{F15F2E28-6F68-4029-AB4A-BD119D929AE9}.Debug|Any CPU.Build.0 = Debug|Any CPU
		{F15F2E28-6F68-4029-AB4A-BD119D929AE9}.Debug|x64.ActiveCfg = Debug|Any CPU
		{F15F2E28-6F68-4029-AB4A-BD119D929AE9}.Debug|x64.Build.0 = Debug|Any CPU
		{F15F2E28-6F68-4029-AB4A-BD119D929AE9}.Debug|x86.ActiveCfg = Debug|Any CPU
		{F15F2E28-6F68-4029-AB4A-BD119D929AE9}.Debug|x86.Build.0 = Debug|Any CPU
		{F15F2E28-6F68-4029-AB4A-BD119D929AE9}.Release|Any CPU.ActiveCfg = Release|Any CPU
		{F15F2E28-6F68-4029-AB4A-BD119D929AE9}.Release|Any CPU.Build.0 = Release|Any CPU
		{F15F2E28-6F68-4029-AB4A-BD119D929AE9}.Release|x64.ActiveCfg = Release|Any CPU
		{F15F2E28-6F68-4029-AB4A-BD119D929AE9}.Release|x64.Build.0 = Release|Any CPU
		{F15F2E28-6F68-4029-AB4A-BD119D929AE9}.Release|x86.ActiveCfg = Release|Any CPU
		{F15F2E28-6F68-4029-AB4A-BD119D929AE9}.Release|x86.Build.0 = Release|Any CPU
		{AA562DCD-F58F-4241-B407-754C65905322}.Debug|Any CPU.ActiveCfg = Debug|Any CPU
		{AA562DCD-F58F-4241-B407-754C65905322}.Debug|Any CPU.Build.0 = Debug|Any CPU
		{AA562DCD-F58F-4241-B407-754C65905322}.Debug|x64.ActiveCfg = Debug|Any CPU
		{AA562DCD-F58F-4241-B407-754C65905322}.Debug|x64.Build.0 = Debug|Any CPU
		{AA562DCD-F58F-4241-B407-754C65905322}.Debug|x86.ActiveCfg = Debug|Any CPU
		{AA562DCD-F58F-4241-B407-754C65905322}.Debug|x86.Build.0 = Debug|Any CPU
		{AA562DCD-F58F-4241-B407-754C65905322}.Release|Any CPU.ActiveCfg = Release|Any CPU
		{AA562DCD-F58F-4241-B407-754C65905322}.Release|Any CPU.Build.0 = Release|Any CPU
		{AA562DCD-F58F-4241-B407-754C65905322}.Release|x64.ActiveCfg = Release|Any CPU
		{AA562DCD-F58F-4241-B407-754C65905322}.Release|x64.Build.0 = Release|Any CPU
		{AA562DCD-F58F-4241-B407-754C65905322}.Release|x86.ActiveCfg = Release|Any CPU
		{AA562DCD-F58F-4241-B407-754C65905322}.Release|x86.Build.0 = Release|Any CPU
		{B0DE9B25-1188-4011-AD0D-36E2A7ED210C}.Debug|Any CPU.ActiveCfg = Debug|Any CPU
		{B0DE9B25-1188-4011-AD0D-36E2A7ED210C}.Debug|Any CPU.Build.0 = Debug|Any CPU
		{B0DE9B25-1188-4011-AD0D-36E2A7ED210C}.Debug|x64.ActiveCfg = Debug|Any CPU
		{B0DE9B25-1188-4011-AD0D-36E2A7ED210C}.Debug|x64.Build.0 = Debug|Any CPU
		{B0DE9B25-1188-4011-AD0D-36E2A7ED210C}.Debug|x86.ActiveCfg = Debug|Any CPU
		{B0DE9B25-1188-4011-AD0D-36E2A7ED210C}.Debug|x86.Build.0 = Debug|Any CPU
		{B0DE9B25-1188-4011-AD0D-36E2A7ED210C}.Release|Any CPU.ActiveCfg = Release|Any CPU
		{B0DE9B25-1188-4011-AD0D-36E2A7ED210C}.Release|Any CPU.Build.0 = Release|Any CPU
		{B0DE9B25-1188-4011-AD0D-36E2A7ED210C}.Release|x64.ActiveCfg = Release|Any CPU
		{B0DE9B25-1188-4011-AD0D-36E2A7ED210C}.Release|x64.Build.0 = Release|Any CPU
		{B0DE9B25-1188-4011-AD0D-36E2A7ED210C}.Release|x86.ActiveCfg = Release|Any CPU
		{B0DE9B25-1188-4011-AD0D-36E2A7ED210C}.Release|x86.Build.0 = Release|Any CPU
		{AF1D7575-EABD-4D7A-8AD1-09ACFF4AF533}.Debug|Any CPU.ActiveCfg = Debug|Any CPU
		{AF1D7575-EABD-4D7A-8AD1-09ACFF4AF533}.Debug|Any CPU.Build.0 = Debug|Any CPU
		{AF1D7575-EABD-4D7A-8AD1-09ACFF4AF533}.Debug|x64.ActiveCfg = Debug|Any CPU
		{AF1D7575-EABD-4D7A-8AD1-09ACFF4AF533}.Debug|x64.Build.0 = Debug|Any CPU
		{AF1D7575-EABD-4D7A-8AD1-09ACFF4AF533}.Debug|x86.ActiveCfg = Debug|Any CPU
		{AF1D7575-EABD-4D7A-8AD1-09ACFF4AF533}.Debug|x86.Build.0 = Debug|Any CPU
		{AF1D7575-EABD-4D7A-8AD1-09ACFF4AF533}.Release|Any CPU.ActiveCfg = Release|Any CPU
		{AF1D7575-EABD-4D7A-8AD1-09ACFF4AF533}.Release|Any CPU.Build.0 = Release|Any CPU
		{AF1D7575-EABD-4D7A-8AD1-09ACFF4AF533}.Release|x64.ActiveCfg = Release|Any CPU
		{AF1D7575-EABD-4D7A-8AD1-09ACFF4AF533}.Release|x64.Build.0 = Release|Any CPU
		{AF1D7575-EABD-4D7A-8AD1-09ACFF4AF533}.Release|x86.ActiveCfg = Release|Any CPU
		{AF1D7575-EABD-4D7A-8AD1-09ACFF4AF533}.Release|x86.Build.0 = Release|Any CPU
		{0ED0BFC3-6A9C-4FCA-AA8A-20CC92359CB4}.Debug|Any CPU.ActiveCfg = Debug|Any CPU
		{0ED0BFC3-6A9C-4FCA-AA8A-20CC92359CB4}.Debug|Any CPU.Build.0 = Debug|Any CPU
		{0ED0BFC3-6A9C-4FCA-AA8A-20CC92359CB4}.Debug|x64.ActiveCfg = Debug|Any CPU
		{0ED0BFC3-6A9C-4FCA-AA8A-20CC92359CB4}.Debug|x64.Build.0 = Debug|Any CPU
		{0ED0BFC3-6A9C-4FCA-AA8A-20CC92359CB4}.Debug|x86.ActiveCfg = Debug|Any CPU
		{0ED0BFC3-6A9C-4FCA-AA8A-20CC92359CB4}.Debug|x86.Build.0 = Debug|Any CPU
		{0ED0BFC3-6A9C-4FCA-AA8A-20CC92359CB4}.Release|Any CPU.ActiveCfg = Release|Any CPU
		{0ED0BFC3-6A9C-4FCA-AA8A-20CC92359CB4}.Release|Any CPU.Build.0 = Release|Any CPU
		{0ED0BFC3-6A9C-4FCA-AA8A-20CC92359CB4}.Release|x64.ActiveCfg = Release|Any CPU
		{0ED0BFC3-6A9C-4FCA-AA8A-20CC92359CB4}.Release|x64.Build.0 = Release|Any CPU
		{0ED0BFC3-6A9C-4FCA-AA8A-20CC92359CB4}.Release|x86.ActiveCfg = Release|Any CPU
		{0ED0BFC3-6A9C-4FCA-AA8A-20CC92359CB4}.Release|x86.Build.0 = Release|Any CPU
		{446ADCA1-C26F-4A0A-A036-CF57827504DB}.Debug|Any CPU.ActiveCfg = Debug|Any CPU
		{446ADCA1-C26F-4A0A-A036-CF57827504DB}.Debug|Any CPU.Build.0 = Debug|Any CPU
		{446ADCA1-C26F-4A0A-A036-CF57827504DB}.Debug|x64.ActiveCfg = Debug|Any CPU
		{446ADCA1-C26F-4A0A-A036-CF57827504DB}.Debug|x64.Build.0 = Debug|Any CPU
		{446ADCA1-C26F-4A0A-A036-CF57827504DB}.Debug|x86.ActiveCfg = Debug|Any CPU
		{446ADCA1-C26F-4A0A-A036-CF57827504DB}.Debug|x86.Build.0 = Debug|Any CPU
		{446ADCA1-C26F-4A0A-A036-CF57827504DB}.Release|Any CPU.ActiveCfg = Release|Any CPU
		{446ADCA1-C26F-4A0A-A036-CF57827504DB}.Release|Any CPU.Build.0 = Release|Any CPU
		{446ADCA1-C26F-4A0A-A036-CF57827504DB}.Release|x64.ActiveCfg = Release|Any CPU
		{446ADCA1-C26F-4A0A-A036-CF57827504DB}.Release|x64.Build.0 = Release|Any CPU
		{446ADCA1-C26F-4A0A-A036-CF57827504DB}.Release|x86.ActiveCfg = Release|Any CPU
		{446ADCA1-C26F-4A0A-A036-CF57827504DB}.Release|x86.Build.0 = Release|Any CPU
		{C77F91E2-3F68-42A4-A6E4-C415EE3A94B0}.Debug|Any CPU.ActiveCfg = Debug|Any CPU
		{C77F91E2-3F68-42A4-A6E4-C415EE3A94B0}.Debug|Any CPU.Build.0 = Debug|Any CPU
		{C77F91E2-3F68-42A4-A6E4-C415EE3A94B0}.Debug|x64.ActiveCfg = Debug|Any CPU
		{C77F91E2-3F68-42A4-A6E4-C415EE3A94B0}.Debug|x64.Build.0 = Debug|Any CPU
		{C77F91E2-3F68-42A4-A6E4-C415EE3A94B0}.Debug|x86.ActiveCfg = Debug|Any CPU
		{C77F91E2-3F68-42A4-A6E4-C415EE3A94B0}.Debug|x86.Build.0 = Debug|Any CPU
		{C77F91E2-3F68-42A4-A6E4-C415EE3A94B0}.Release|Any CPU.ActiveCfg = Release|Any CPU
		{C77F91E2-3F68-42A4-A6E4-C415EE3A94B0}.Release|Any CPU.Build.0 = Release|Any CPU
		{C77F91E2-3F68-42A4-A6E4-C415EE3A94B0}.Release|x64.ActiveCfg = Release|Any CPU
		{C77F91E2-3F68-42A4-A6E4-C415EE3A94B0}.Release|x64.Build.0 = Release|Any CPU
		{C77F91E2-3F68-42A4-A6E4-C415EE3A94B0}.Release|x86.ActiveCfg = Release|Any CPU
		{C77F91E2-3F68-42A4-A6E4-C415EE3A94B0}.Release|x86.Build.0 = Release|Any CPU
		{DB89A111-D071-494B-848B-6921E8EC9CC5}.Debug|Any CPU.ActiveCfg = Debug|Any CPU
		{DB89A111-D071-494B-848B-6921E8EC9CC5}.Debug|Any CPU.Build.0 = Debug|Any CPU
		{DB89A111-D071-494B-848B-6921E8EC9CC5}.Debug|x64.ActiveCfg = Debug|Any CPU
		{DB89A111-D071-494B-848B-6921E8EC9CC5}.Debug|x64.Build.0 = Debug|Any CPU
		{DB89A111-D071-494B-848B-6921E8EC9CC5}.Debug|x86.ActiveCfg = Debug|Any CPU
		{DB89A111-D071-494B-848B-6921E8EC9CC5}.Debug|x86.Build.0 = Debug|Any CPU
		{DB89A111-D071-494B-848B-6921E8EC9CC5}.Release|Any CPU.ActiveCfg = Release|Any CPU
		{DB89A111-D071-494B-848B-6921E8EC9CC5}.Release|Any CPU.Build.0 = Release|Any CPU
		{DB89A111-D071-494B-848B-6921E8EC9CC5}.Release|x64.ActiveCfg = Release|Any CPU
		{DB89A111-D071-494B-848B-6921E8EC9CC5}.Release|x64.Build.0 = Release|Any CPU
		{DB89A111-D071-494B-848B-6921E8EC9CC5}.Release|x86.ActiveCfg = Release|Any CPU
		{DB89A111-D071-494B-848B-6921E8EC9CC5}.Release|x86.Build.0 = Release|Any CPU
		{05FC939F-1393-47BE-94B7-8FE27228BCA6}.Debug|Any CPU.ActiveCfg = Debug|Any CPU
		{05FC939F-1393-47BE-94B7-8FE27228BCA6}.Debug|Any CPU.Build.0 = Debug|Any CPU
		{05FC939F-1393-47BE-94B7-8FE27228BCA6}.Debug|x64.ActiveCfg = Debug|Any CPU
		{05FC939F-1393-47BE-94B7-8FE27228BCA6}.Debug|x64.Build.0 = Debug|Any CPU
		{05FC939F-1393-47BE-94B7-8FE27228BCA6}.Debug|x86.ActiveCfg = Debug|Any CPU
		{05FC939F-1393-47BE-94B7-8FE27228BCA6}.Debug|x86.Build.0 = Debug|Any CPU
		{05FC939F-1393-47BE-94B7-8FE27228BCA6}.Release|Any CPU.ActiveCfg = Release|Any CPU
		{05FC939F-1393-47BE-94B7-8FE27228BCA6}.Release|Any CPU.Build.0 = Release|Any CPU
		{05FC939F-1393-47BE-94B7-8FE27228BCA6}.Release|x64.ActiveCfg = Release|Any CPU
		{05FC939F-1393-47BE-94B7-8FE27228BCA6}.Release|x64.Build.0 = Release|Any CPU
		{05FC939F-1393-47BE-94B7-8FE27228BCA6}.Release|x86.ActiveCfg = Release|Any CPU
		{05FC939F-1393-47BE-94B7-8FE27228BCA6}.Release|x86.Build.0 = Release|Any CPU
	EndGlobalSection
	GlobalSection(SolutionProperties) = preSolution
		HideSolutionNode = FALSE
	EndGlobalSection
	GlobalSection(NestedProjects) = preSolution
		{52A2DA7A-D503-4272-A2A9-5B2298C399B2} = {A73F2606-6D4C-3EEE-1759-0E59DCFEF523}
		{96888889-FC81-1FD9-7DA3-65FF32B7E052} = {5854FF58-B8C5-05C6-5BF2-ACE42193F22B}
		{56CA3592-86C1-459F-8A70-F1CEF783168E} = {96888889-FC81-1FD9-7DA3-65FF32B7E052}
		{357A7C97-5AE1-023F-1442-0D9F9AF22A31} = {5854FF58-B8C5-05C6-5BF2-ACE42193F22B}
		{4B36DD7B-ACA5-4936-B730-159DBEB7B1E9} = {357A7C97-5AE1-023F-1442-0D9F9AF22A31}
		{CAC493B8-BAA0-2F36-526D-DF7B4A67ADA8} = {5854FF58-B8C5-05C6-5BF2-ACE42193F22B}
		{54DF8C77-DFC0-43E9-9F6D-91896BCBC1D3} = {CAC493B8-BAA0-2F36-526D-DF7B4A67ADA8}
		{3D527CA2-3B25-14A5-66AD-5B1AC639CE35} = {5854FF58-B8C5-05C6-5BF2-ACE42193F22B}
		{09598B76-D9CE-42C4-96C6-F1ADF0545291} = {3D527CA2-3B25-14A5-66AD-5B1AC639CE35}
		{D16E9C91-19C0-6DE5-6DF8-67E1A85CE158} = {5854FF58-B8C5-05C6-5BF2-ACE42193F22B}
		{9AABFF3C-5AF7-4F2D-9F84-131D9A7E0E0A} = {D16E9C91-19C0-6DE5-6DF8-67E1A85CE158}
		{F15F2E28-6F68-4029-AB4A-BD119D929AE9} = {3D527CA2-3B25-14A5-66AD-5B1AC639CE35}
		{AA562DCD-F58F-4241-B407-754C65905322} = {3D527CA2-3B25-14A5-66AD-5B1AC639CE35}
		{B0DE9B25-1188-4011-AD0D-36E2A7ED210C} = {3D527CA2-3B25-14A5-66AD-5B1AC639CE35}
		{AF1D7575-EABD-4D7A-8AD1-09ACFF4AF533} = {CAC493B8-BAA0-2F36-526D-DF7B4A67ADA8}
		{0ED0BFC3-6A9C-4FCA-AA8A-20CC92359CB4} = {CAC493B8-BAA0-2F36-526D-DF7B4A67ADA8}
		{446ADCA1-C26F-4A0A-A036-CF57827504DB} = {CAC493B8-BAA0-2F36-526D-DF7B4A67ADA8}
		{C77F91E2-3F68-42A4-A6E4-C415EE3A94B0} = {D16E9C91-19C0-6DE5-6DF8-67E1A85CE158}
		{DB89A111-D071-494B-848B-6921E8EC9CC5} = {D16E9C91-19C0-6DE5-6DF8-67E1A85CE158}
		{05FC939F-1393-47BE-94B7-8FE27228BCA6} = {D16E9C91-19C0-6DE5-6DF8-67E1A85CE158}
	EndGlobalSection
EndGlobal
